Microsoft Visual Studio Solution File, Format Version 12.00
# Visual Studio Version 17
VisualStudioVersion = 17.5.2.0
MinimumVisualStudioVersion = 10.0.40219.1
Project("{FAE04EC0-301F-11D3-BF4B-00C04F79EFBC}") = "AppointmentBooking", "AppointmentBooking.csproj", "{3D07F371-E1F2-5812-AF71-9BC69BFA1FA0}"
EndProject
Global
	GlobalSection(SolutionConfigurationPlatforms) = preSolution
		Debug|Any CPU = Debug|Any CPU
		Release|Any CPU = Release|Any CPU
	EndGlobalSection
	GlobalSection(ProjectConfigurationPlatforms) = postSolution
		{3D07F371-E1F2-5812-AF71-9BC69BFA1FA0}.Debug|Any CPU.ActiveCfg = Debug|Any CPU
		{3D07F371-E1F2-5812-AF71-9BC69BFA1FA0}.Debug|Any CPU.Build.0 = Debug|Any CPU
		{3D07F371-E1F2-5812-AF71-9BC69BFA1FA0}.Release|Any CPU.ActiveCfg = Release|Any CPU
		{3D07F371-E1F2-5812-AF71-9BC69BFA1FA0}.Release|Any CPU.Build.0 = Release|Any CPU
	EndGlobalSection
	GlobalSection(SolutionProperties) = preSolution
		HideSolutionNode = FALSE
	EndGlobalSection
	GlobalSection(ExtensibilityGlobals) = postSolution
		SolutionGuid = {845A3049-9175-44E4-B493-B69925568F1F}
	EndGlobalSection
EndGlobal
