
Microsoft Visual Studio Solution File, Format Version 12.00
# Visual Studio Version 17
VisualStudioVersion = 17.0.31903.59
MinimumVisualStudioVersion = 10.0.40219.1
Project("{FAE04EC0-301F-11D3-BF4B-00C04F79EFBC}") = "AppointmentsApi", "AppointmentsApi\AppointmentsApi.csproj", "{EE93F108-4350-4A17-AE17-EB6EB127ADF8}"
EndProject
Project("{FAE04EC0-301F-11D3-BF4B-00C04F79EFBC}") = "AggregatorService", "AggregatorService\AggregatorService.csproj", "{589E1473-062D-4A69-B8CB-E4DF4336A133}"
EndProject
Project("{FAE04EC0-301F-11D3-BF4B-00C04F79EFBC}") = "HealthcareDashboard.UI", "HealthcareDashboard.UI\HealthcareDashboard.UI.csproj", "{3A143AF1-ED1B-43D8-9329-1761DA720EB8}"
EndProject
Global
	GlobalSection(SolutionConfigurationPlatforms) = preSolution
		Debug|Any CPU = Debug|Any CPU
		Release|Any CPU = Release|Any CPU
	EndGlobalSection
	GlobalSection(ProjectConfigurationPlatforms) = postSolution
		{EE93F108-4350-4A17-AE17-EB6EB127ADF8}.Debug|Any CPU.ActiveCfg = Debug|Any CPU
		{EE93F108-4350-4A17-AE17-EB6EB127ADF8}.Debug|Any CPU.Build.0 = Debug|Any CPU
		{EE93F108-4350-4A17-AE17-EB6EB127ADF8}.Release|Any CPU.ActiveCfg = Release|Any CPU
		{EE93F108-4350-4A17-AE17-EB6EB127ADF8}.Release|Any CPU.Build.0 = Release|Any CPU
		{589E1473-062D-4A69-B8CB-E4DF4336A133}.Debug|Any CPU.ActiveCfg = Debug|Any CPU
		{589E1473-062D-4A69-B8CB-E4DF4336A133}.Debug|Any CPU.Build.0 = Debug|Any CPU
		{589E1473-062D-4A69-B8CB-E4DF4336A133}.Release|Any CPU.ActiveCfg = Release|Any CPU
		{589E1473-062D-4A69-B8CB-E4DF4336A133}.Release|Any CPU.Build.0 = Release|Any CPU
		{3A143AF1-ED1B-43D8-9329-1761DA720EB8}.Debug|Any CPU.ActiveCfg = Debug|Any CPU
		{3A143AF1-ED1B-43D8-9329-1761DA720EB8}.Debug|Any CPU.Build.0 = Debug|Any CPU
		{3A143AF1-ED1B-43D8-9329-1761DA720EB8}.Release|Any CPU.ActiveCfg = Release|Any CPU
		{3A143AF1-ED1B-43D8-9329-1761DA720EB8}.Release|Any CPU.Build.0 = Release|Any CPU
	EndGlobalSection
	GlobalSection(SolutionProperties) = preSolution
		HideSolutionNode = FALSE
	EndGlobalSection
EndGlobal
